{
  "name": "cloud-cost-optimizer",
  "version": "1.0.0",
  "lockfileVersion": 3,
  "requires": true,
  "packages": {
    "": {
      "name": "cloud-cost-optimizer",
      "version": "1.0.0",
      "dependencies": {
        "cloud-cost-optimizer": "file:"
      }
    },
    "node_modules/cloud-cost-optimizer": {
      "resolved": "",
      "link": true
    }
  }
}
